
Microsoft Visual Studio Solution File, Format Version 12.00
# Visual Studio Version 16
VisualStudioVersion = 16.0.30011.22
MinimumVisualStudioVersion = 10.0.40219.1
Project("{FAE04EC0-301F-11D3-BF4B-00C04F79EFBC}") = "Calculator", "Calculator.csproj", "{C4AE2507-C01C-4471-8E31-A734A91ADF94}"
EndProject
Global
	GlobalSection(SolutionConfigurationPlatforms) = preSolution
		Debug|Any CPU = Debug|Any CPU
		Release|Any CPU = Release|Any CPU
	EndGlobalSection
	GlobalSection(ProjectConfigurationPlatforms) = postSolution
		{C4AE2507-C01C-4471-8E31-A734A91ADF94}.Debug|Any CPU.ActiveCfg = Debug|Any CPU
		{C4AE2507-C01C-4471-8E31-A734A91ADF94}.Debug|Any CPU.Build.0 = Debug|Any CPU
		{C4AE2507-C01C-4471-8E31-A734A91ADF94}.Release|Any CPU.ActiveCfg = Release|Any CPU
		{C4AE2507-C01C-4471-8E31-A734A91ADF94}.Release|Any CPU.Build.0 = Release|Any CPU
	EndGlobalSection
	GlobalSection(SolutionProperties) = preSolution
		HideSolutionNode = FALSE
	EndGlobalSection
	GlobalSection(ExtensibilityGlobals) = postSolution
		SolutionGuid = {8DD019D1-1EAA-47C3-9C14-E71A07D76C4A}
	EndGlobalSection
EndGlobal
